# This file is automatically @generated by Poetry 1.5.1 and should not be changed by hand.

[[package]]
name = "my-conn"
version = "0.1.0"
description = ""
optional = false
python-versions = "^3.11"
files = []
develop = false

[package.source]
type = "directory"
url = "../../shared_libs/my_conn"

[metadata]
lock-version = "2.0"
python-versions = "^3.11"
content-hash = "b9a334389faf0c1d339c70d514615e7e338538f4aedcc7095f384bac43415b1c"
