# This file is automatically @generated by Poetry 1.5.1 and should not be changed by hand.

[[package]]
name = "my-logger"
version = "0.1.0"
description = ""
optional = false
python-versions = "^3.11"
files = []
develop = false

[package.source]
type = "directory"
url = "../../shared_libs/my_logger"

[metadata]
lock-version = "2.0"
python-versions = "^3.11"
content-hash = "f25333b82577009824928181216505894f5872dfcf66002de2efbb4465659aa4"
